Microsoft Visual Studio Solution File, Format Version 12.00
# Visual Studio Version 17
VisualStudioVersion = 17.6.33801.468
MinimumVisualStudioVersion = 10.0.40219.1
Project("{9A19103F-16F7-4668-BE54-9A1E7A4F7556}") = "VSLauncherX", "VSLauncherX\VSLauncherX.csproj", "{80AC68CF-63FB-49BF-87AD-5B958B9C662B}"
EndProject
Project("{9A19103F-16F7-4668-BE54-9A1E7A4F7556}") = "BackgroundLaunch", "BackgroundLaunch\BackgroundLaunch.csproj", "{786D3E74-0560-4355-9B8A-01EA298043D2}"
EndProject
Project("{9A19103F-16F7-4668-BE54-9A1E7A4F7556}") = "ObjectListView2022", "ObjectListView\ObjectListView2022.csproj", "{18FEDA0C-D147-4286-B39A-01204808106A}"
EndProject
Project("{2150E333-8FDC-42A3-9474-1A3956D46DE8}") = "Solution Files", "Solution Files", "{FC707DC2-F9AD-4DD2-B2B3-A82FBBEF96EF}"
	ProjectSection(SolutionItems) = preProject
		AUTHORS.md = AUTHORS.md
		CODE_OF_CONDUCT.md = CODE_OF_CONDUCT.md
		CONTRIBUTING.md = CONTRIBUTING.md
		LICENSE.md = LICENSE.md
		README.md = README.md
	EndProjectSection
EndProject
Project("{2150E333-8FDC-42A3-9474-1A3956D46DE8}") = "docs", "docs", "{7BBE1A8C-C32D-48A9-832B-68055165EE65}"
	ProjectSection(SolutionItems) = preProject
		docs\MainScreen-sample.jpg = docs\MainScreen-sample.jpg
		docs\Settings-sample.jpg = docs\Settings-sample.jpg
	EndProjectSection
EndProject
Project("{FAE04EC0-301F-11D3-BF4B-00C04F79EFBC}") = "VSLXshared", "VSLXshared\VSLXshared.csproj", "{18C514D3-21C9-4F12-90DE-B2E0D3D1B770}"
EndProject
Global
	GlobalSection(SolutionConfigurationPlatforms) = preSolution
		Debug|Any CPU = Debug|Any CPU
		Release|Any CPU = Release|Any CPU
	EndGlobalSection
	GlobalSection(ProjectConfigurationPlatforms) = postSolution
		{80AC68CF-63FB-49BF-87AD-5B958B9C662B}.Debug|Any CPU.ActiveCfg = Debug|Any CPU
		{80AC68CF-63FB-49BF-87AD-5B958B9C662B}.Debug|Any CPU.Build.0 = Debug|Any CPU
		{80AC68CF-63FB-49BF-87AD-5B958B9C662B}.Release|Any CPU.ActiveCfg = Release|Any CPU
		{80AC68CF-63FB-49BF-87AD-5B958B9C662B}.Release|Any CPU.Build.0 = Release|Any CPU
		{786D3E74-0560-4355-9B8A-01EA298043D2}.Debug|Any CPU.ActiveCfg = Debug|Any CPU
		{786D3E74-0560-4355-9B8A-01EA298043D2}.Debug|Any CPU.Build.0 = Debug|Any CPU
		{786D3E74-0560-4355-9B8A-01EA298043D2}.Release|Any CPU.ActiveCfg = Release|Any CPU
		{786D3E74-0560-4355-9B8A-01EA298043D2}.Release|Any CPU.Build.0 = Release|Any CPU
		{18FEDA0C-D147-4286-B39A-01204808106A}.Debug|Any CPU.ActiveCfg = Debug|Any CPU
		{18FEDA0C-D147-4286-B39A-01204808106A}.Debug|Any CPU.Build.0 = Debug|Any CPU
		{18FEDA0C-D147-4286-B39A-01204808106A}.Release|Any CPU.ActiveCfg = Release|Any CPU
		{18FEDA0C-D147-4286-B39A-01204808106A}.Release|Any CPU.Build.0 = Release|Any CPU
		{18C514D3-21C9-4F12-90DE-B2E0D3D1B770}.Debug|Any CPU.ActiveCfg = Debug|Any CPU
		{18C514D3-21C9-4F12-90DE-B2E0D3D1B770}.Debug|Any CPU.Build.0 = Debug|Any CPU
		{18C514D3-21C9-4F12-90DE-B2E0D3D1B770}.Release|Any CPU.ActiveCfg = Release|Any CPU
		{18C514D3-21C9-4F12-90DE-B2E0D3D1B770}.Release|Any CPU.Build.0 = Release|Any CPU
	EndGlobalSection
	GlobalSection(SolutionProperties) = preSolution
		HideSolutionNode = FALSE
	EndGlobalSection
	GlobalSection(ExtensibilityGlobals) = postSolution
		SolutionGuid = {7BE693ED-4C0B-4DC6-85F8-3F3DE5EEB6C0}
	EndGlobalSection
EndGlobal
