
Microsoft Visual Studio Solution File, Format Version 12.00
# Visual Studio Version 17
VisualStudioVersion = 17.6.33801.468
MinimumVisualStudioVersion = 10.0.40219.1
Project("{9A19103F-16F7-4668-BE54-9A1E7A4F7556}") = "VSLauncherX", "VSLauncherX\VSLauncherX.csproj", "{80AC68CF-63FB-49BF-87AD-5B958B9C662B}"
EndProject
Global
	GlobalSection(SolutionConfigurationPlatforms) = preSolution
		Debug|Any CPU = Debug|Any CPU
		Release|Any CPU = Release|Any CPU
	EndGlobalSection
	GlobalSection(ProjectConfigurationPlatforms) = postSolution
		{80AC68CF-63FB-49BF-87AD-5B958B9C662B}.Debug|Any CPU.ActiveCfg = Debug|Any CPU
		{80AC68CF-63FB-49BF-87AD-5B958B9C662B}.Debug|Any CPU.Build.0 = Debug|Any CPU
		{80AC68CF-63FB-49BF-87AD-5B958B9C662B}.Release|Any CPU.ActiveCfg = Release|Any CPU
		{80AC68CF-63FB-49BF-87AD-5B958B9C662B}.Release|Any CPU.Build.0 = Release|Any CPU
	EndGlobalSection
	GlobalSection(SolutionProperties) = preSolution
		HideSolutionNode = FALSE
	EndGlobalSection
	GlobalSection(ExtensibilityGlobals) = postSolution
		SolutionGuid = {7BE693ED-4C0B-4DC6-85F8-3F3DE5EEB6C0}
	EndGlobalSection
EndGlobal
